
Microsoft Visual Studio Solution File, Format Version 12.00
# Visual Studio 15
VisualStudioVersion = 15.0.27703.2035
MinimumVisualStudioVersion = 10.0.40219.1
Project("{2150E333-8FDC-42A3-9474-1A3956D46DE8}") = "Macros", "Macros", "{0F6599F9-EF35-42BA-8B51-E261CDB40014}"
	ProjectSection(SolutionItems) = preProject
		codingGuideLines.js = codingGuideLines.js
	EndProjectSection
EndProject
Project("{FAE04EC0-301F-11D3-BF4B-00C04F79EFBC}") = "VSIXExample", "VSIXExample\VSIXExample.csproj", "{6B58ECB7-FF9A-4191-A677-E8A0468C895A}"
EndProject
Global
	GlobalSection(SolutionConfigurationPlatforms) = preSolution
		Debug|Any CPU = Debug|Any CPU
		Release|Any CPU = Release|Any CPU
	EndGlobalSection
	GlobalSection(ProjectConfigurationPlatforms) = postSolution
		{6B58ECB7-FF9A-4191-A677-E8A0468C895A}.Debug|Any CPU.ActiveCfg = Debug|Any CPU
		{6B58ECB7-FF9A-4191-A677-E8A0468C895A}.Debug|Any CPU.Build.0 = Debug|Any CPU
		{6B58ECB7-FF9A-4191-A677-E8A0468C895A}.Release|Any CPU.ActiveCfg = Release|Any CPU
		{6B58ECB7-FF9A-4191-A677-E8A0468C895A}.Release|Any CPU.Build.0 = Release|Any CPU
	EndGlobalSection
	GlobalSection(SolutionProperties) = preSolution
		HideSolutionNode = FALSE
	EndGlobalSection
	GlobalSection(ExtensibilityGlobals) = postSolution
		SolutionGuid = {8D69B86E-3CD0-4C77-9A2F-3879B224087E}
	EndGlobalSection
EndGlobal
